
Microsoft Visual Studio Solution File, Format Version 12.00
# Visual Studio 15
VisualStudioVersion = 15.0.26730.15
MinimumVisualStudioVersion = 10.0.40219.1
Project("{FAE04EC0-301F-11D3-BF4B-00C04F79EFBC}") = "AzureMongoDbOnion", "AzureMongoDbOnion\AzureMongoDbOnion.csproj", "{82E865DC-7977-4CEB-B234-B09685B97389}"
EndProject
Project("{FAE04EC0-301F-11D3-BF4B-00C04F79EFBC}") = "AzureMongoDbOnion.Domain", "AzureMongoDbOnion.Domain\AzureMongoDbOnion.Domain.csproj", "{10F8B400-84B8-4493-A8C0-92F92D76DBDC}"
EndProject
Project("{FAE04EC0-301F-11D3-BF4B-00C04F79EFBC}") = "AzureMongoDbOnion.Infrastructure", "AzureMongoDbOnion.Infrastructure\AzureMongoDbOnion.Infrastructure.csproj", "{D91341E6-1600-46A4-BA8D-77559AE36DE3}"
EndProject
Project("{FAE04EC0-301F-11D3-BF4B-00C04F79EFBC}") = "AzureMongoDbOnion.Infrastructure.Data", "AzureMongoDbOnion.Infrastructure.Data\AzureMongoDbOnion.Infrastructure.Data.csproj", "{5F87B25A-A467-440B-94AB-1FA85F43C581}"
EndProject
Project("{FAE04EC0-301F-11D3-BF4B-00C04F79EFBC}") = "AzureMongoDbOnion.Domain.Services", "AzureMongoDbOnion.Domain.Services\AzureMongoDbOnion.Domain.Services.csproj", "{2C1ACD0F-B6A3-47BA-94E4-96F9027C1C52}"
EndProject
Project("{9A19103F-16F7-4668-BE54-9A1E7A4F7556}") = "AzureMongoDbOnion.Infrastructure.Dto", "AzureMongoDbOnion.Infrastructure.Dto\AzureMongoDbOnion.Infrastructure.Dto.csproj", "{78743BB7-1B93-43C1-8485-8492C757E74C}"
EndProject
Global
	GlobalSection(SolutionConfigurationPlatforms) = preSolution
		Debug|Any CPU = Debug|Any CPU
		Release|Any CPU = Release|Any CPU
	EndGlobalSection
	GlobalSection(ProjectConfigurationPlatforms) = postSolution
		{82E865DC-7977-4CEB-B234-B09685B97389}.Debug|Any CPU.ActiveCfg = Debug|Any CPU
		{82E865DC-7977-4CEB-B234-B09685B97389}.Debug|Any CPU.Build.0 = Debug|Any CPU
		{82E865DC-7977-4CEB-B234-B09685B97389}.Release|Any CPU.ActiveCfg = Release|Any CPU
		{82E865DC-7977-4CEB-B234-B09685B97389}.Release|Any CPU.Build.0 = Release|Any CPU
		{10F8B400-84B8-4493-A8C0-92F92D76DBDC}.Debug|Any CPU.ActiveCfg = Debug|Any CPU
		{10F8B400-84B8-4493-A8C0-92F92D76DBDC}.Debug|Any CPU.Build.0 = Debug|Any CPU
		{10F8B400-84B8-4493-A8C0-92F92D76DBDC}.Release|Any CPU.ActiveCfg = Release|Any CPU
		{10F8B400-84B8-4493-A8C0-92F92D76DBDC}.Release|Any CPU.Build.0 = Release|Any CPU
		{D91341E6-1600-46A4-BA8D-77559AE36DE3}.Debug|Any CPU.ActiveCfg = Debug|Any CPU
		{D91341E6-1600-46A4-BA8D-77559AE36DE3}.Debug|Any CPU.Build.0 = Debug|Any CPU
		{D91341E6-1600-46A4-BA8D-77559AE36DE3}.Release|Any CPU.ActiveCfg = Release|Any CPU
		{D91341E6-1600-46A4-BA8D-77559AE36DE3}.Release|Any CPU.Build.0 = Release|Any CPU
		{5F87B25A-A467-440B-94AB-1FA85F43C581}.Debug|Any CPU.ActiveCfg = Debug|Any CPU
		{5F87B25A-A467-440B-94AB-1FA85F43C581}.Debug|Any CPU.Build.0 = Debug|Any CPU
		{5F87B25A-A467-440B-94AB-1FA85F43C581}.Release|Any CPU.ActiveCfg = Release|Any CPU
		{5F87B25A-A467-440B-94AB-1FA85F43C581}.Release|Any CPU.Build.0 = Release|Any CPU
		{2C1ACD0F-B6A3-47BA-94E4-96F9027C1C52}.Debug|Any CPU.ActiveCfg = Debug|Any CPU
		{2C1ACD0F-B6A3-47BA-94E4-96F9027C1C52}.Debug|Any CPU.Build.0 = Debug|Any CPU
		{2C1ACD0F-B6A3-47BA-94E4-96F9027C1C52}.Release|Any CPU.ActiveCfg = Release|Any CPU
		{2C1ACD0F-B6A3-47BA-94E4-96F9027C1C52}.Release|Any CPU.Build.0 = Release|Any CPU
		{78743BB7-1B93-43C1-8485-8492C757E74C}.Debug|Any CPU.ActiveCfg = Debug|Any CPU
		{78743BB7-1B93-43C1-8485-8492C757E74C}.Debug|Any CPU.Build.0 = Debug|Any CPU
		{78743BB7-1B93-43C1-8485-8492C757E74C}.Release|Any CPU.ActiveCfg = Release|Any CPU
		{78743BB7-1B93-43C1-8485-8492C757E74C}.Release|Any CPU.Build.0 = Release|Any CPU
	EndGlobalSection
	GlobalSection(SolutionProperties) = preSolution
		HideSolutionNode = FALSE
	EndGlobalSection
	GlobalSection(ExtensibilityGlobals) = postSolution
		SolutionGuid = {2E5C76BF-E0DA-4C05-A320-0C4B0A46C100}
	EndGlobalSection
EndGlobal
